
Microsoft Visual Studio Solution File, Format Version 12.00
# Visual Studio 15
VisualStudioVersion = 15.0.27004.2009
MinimumVisualStudioVersion = 10.0.40219.1
Project("{FAE04EC0-301F-11D3-BF4B-00C04F79EFBC}") = "T1", "T1\T1.csproj", "{C10903CF-3AC1-4E6A-8A5D-E54F10ECB29B}"
EndProject
Project("{FAE04EC0-301F-11D3-BF4B-00C04F79EFBC}") = "T2", "T2\T2.csproj", "{6C0D1E12-F10C-4B8A-A06C-193AE4AD0038}"
EndProject
Project("{9A19103F-16F7-4668-BE54-9A1E7A4F7556}") = "T3", "T3\T3.csproj", "{529834F6-45E5-4BFC-830C-19D0C8EBFDFC}"
EndProject
Project("{FAE04EC0-301F-11D3-BF4B-00C04F79EFBC}") = "T4", "T4\T4.csproj", "{12BA7C30-70B5-4345-B260-5AB727BE56D4}"
EndProject
Project("{FAE04EC0-301F-11D3-BF4B-00C04F79EFBC}") = "T5", "T5\T5.csproj", "{D260C39D-F086-4E1F-B413-FCD0B44825C4}"
EndProject
Project("{FAE04EC0-301F-11D3-BF4B-00C04F79EFBC}") = "T6", "T6\T6.csproj", "{8189C918-91B3-45F9-A7CD-8B745391BF58}"
EndProject
Project("{FAE04EC0-301F-11D3-BF4B-00C04F79EFBC}") = "T7", "T7\T7.csproj", "{A5B07231-01D4-4D01-9D3A-92AE876C9EDB}"
EndProject
Project("{FAE04EC0-301F-11D3-BF4B-00C04F79EFBC}") = "T8", "T8\T8.csproj", "{8F40C40D-50C5-410D-8231-11F498CD6964}"
EndProject
Project("{FAE04EC0-301F-11D3-BF4B-00C04F79EFBC}") = "T9", "T9\T9.csproj", "{D6AFA579-D7C0-4C91-B882-317D82B36036}"
EndProject
Project("{FAE04EC0-301F-11D3-BF4B-00C04F79EFBC}") = "T10", "T10\T10.csproj", "{7D29403F-7C81-46E7-ADDD-E57C352FB1F1}"
EndProject
Global
	GlobalSection(SolutionConfigurationPlatforms) = preSolution
		Debug|Any CPU = Debug|Any CPU
		Debug|ARM = Debug|ARM
		Debug|x64 = Debug|x64
		Debug|x86 = Debug|x86
		Release|Any CPU = Release|Any CPU
		Release|ARM = Release|ARM
		Release|x64 = Release|x64
		Release|x86 = Release|x86
	EndGlobalSection
	GlobalSection(ProjectConfigurationPlatforms) = postSolution
		{C10903CF-3AC1-4E6A-8A5D-E54F10ECB29B}.Debug|Any CPU.ActiveCfg = Debug|Any CPU
		{C10903CF-3AC1-4E6A-8A5D-E54F10ECB29B}.Debug|Any CPU.Build.0 = Debug|Any CPU
		{C10903CF-3AC1-4E6A-8A5D-E54F10ECB29B}.Debug|ARM.ActiveCfg = Debug|Any CPU
		{C10903CF-3AC1-4E6A-8A5D-E54F10ECB29B}.Debug|ARM.Build.0 = Debug|Any CPU
		{C10903CF-3AC1-4E6A-8A5D-E54F10ECB29B}.Debug|x64.ActiveCfg = Debug|Any CPU
		{C10903CF-3AC1-4E6A-8A5D-E54F10ECB29B}.Debug|x64.Build.0 = Debug|Any CPU
		{C10903CF-3AC1-4E6A-8A5D-E54F10ECB29B}.Debug|x86.ActiveCfg = Debug|Any CPU
		{C10903CF-3AC1-4E6A-8A5D-E54F10ECB29B}.Debug|x86.Build.0 = Debug|Any CPU
		{C10903CF-3AC1-4E6A-8A5D-E54F10ECB29B}.Release|Any CPU.ActiveCfg = Release|Any CPU
		{C10903CF-3AC1-4E6A-8A5D-E54F10ECB29B}.Release|Any CPU.Build.0 = Release|Any CPU
		{C10903CF-3AC1-4E6A-8A5D-E54F10ECB29B}.Release|ARM.ActiveCfg = Release|Any CPU
		{C10903CF-3AC1-4E6A-8A5D-E54F10ECB29B}.Release|ARM.Build.0 = Release|Any CPU
		{C10903CF-3AC1-4E6A-8A5D-E54F10ECB29B}.Release|x64.ActiveCfg = Release|Any CPU
		{C10903CF-3AC1-4E6A-8A5D-E54F10ECB29B}.Release|x64.Build.0 = Release|Any CPU
		{C10903CF-3AC1-4E6A-8A5D-E54F10ECB29B}.Release|x86.ActiveCfg = Release|Any CPU
		{C10903CF-3AC1-4E6A-8A5D-E54F10ECB29B}.Release|x86.Build.0 = Release|Any CPU
		{6C0D1E12-F10C-4B8A-A06C-193AE4AD0038}.Debug|Any CPU.ActiveCfg = Debug|Any CPU
		{6C0D1E12-F10C-4B8A-A06C-193AE4AD0038}.Debug|Any CPU.Build.0 = Debug|Any CPU
		{6C0D1E12-F10C-4B8A-A06C-193AE4AD0038}.Debug|ARM.ActiveCfg = Debug|Any CPU
		{6C0D1E12-F10C-4B8A-A06C-193AE4AD0038}.Debug|ARM.Build.0 = Debug|Any CPU
		{6C0D1E12-F10C-4B8A-A06C-193AE4AD0038}.Debug|x64.ActiveCfg = Debug|Any CPU
		{6C0D1E12-F10C-4B8A-A06C-193AE4AD0038}.Debug|x64.Build.0 = Debug|Any CPU
		{6C0D1E12-F10C-4B8A-A06C-193AE4AD0038}.Debug|x86.ActiveCfg = Debug|Any CPU
		{6C0D1E12-F10C-4B8A-A06C-193AE4AD0038}.Debug|x86.Build.0 = Debug|Any CPU
		{6C0D1E12-F10C-4B8A-A06C-193AE4AD0038}.Release|Any CPU.ActiveCfg = Release|Any CPU
		{6C0D1E12-F10C-4B8A-A06C-193AE4AD0038}.Release|Any CPU.Build.0 = Release|Any CPU
		{6C0D1E12-F10C-4B8A-A06C-193AE4AD0038}.Release|ARM.ActiveCfg = Release|Any CPU
		{6C0D1E12-F10C-4B8A-A06C-193AE4AD0038}.Release|ARM.Build.0 = Release|Any CPU
		{6C0D1E12-F10C-4B8A-A06C-193AE4AD0038}.Release|x64.ActiveCfg = Release|Any CPU
		{6C0D1E12-F10C-4B8A-A06C-193AE4AD0038}.Release|x64.Build.0 = Release|Any CPU
		{6C0D1E12-F10C-4B8A-A06C-193AE4AD0038}.Release|x86.ActiveCfg = Release|Any CPU
		{6C0D1E12-F10C-4B8A-A06C-193AE4AD0038}.Release|x86.Build.0 = Release|Any CPU
		{529834F6-45E5-4BFC-830C-19D0C8EBFDFC}.Debug|Any CPU.ActiveCfg = Debug|Any CPU
		{529834F6-45E5-4BFC-830C-19D0C8EBFDFC}.Debug|Any CPU.Build.0 = Debug|Any CPU
		{529834F6-45E5-4BFC-830C-19D0C8EBFDFC}.Debug|ARM.ActiveCfg = Debug|Any CPU
		{529834F6-45E5-4BFC-830C-19D0C8EBFDFC}.Debug|ARM.Build.0 = Debug|Any CPU
		{529834F6-45E5-4BFC-830C-19D0C8EBFDFC}.Debug|x64.ActiveCfg = Debug|Any CPU
		{529834F6-45E5-4BFC-830C-19D0C8EBFDFC}.Debug|x64.Build.0 = Debug|Any CPU
		{529834F6-45E5-4BFC-830C-19D0C8EBFDFC}.Debug|x86.ActiveCfg = Debug|Any CPU
		{529834F6-45E5-4BFC-830C-19D0C8EBFDFC}.Debug|x86.Build.0 = Debug|Any CPU
		{529834F6-45E5-4BFC-830C-19D0C8EBFDFC}.Release|Any CPU.ActiveCfg = Release|Any CPU
		{529834F6-45E5-4BFC-830C-19D0C8EBFDFC}.Release|Any CPU.Build.0 = Release|Any CPU
		{529834F6-45E5-4BFC-830C-19D0C8EBFDFC}.Release|ARM.ActiveCfg = Release|Any CPU
		{529834F6-45E5-4BFC-830C-19D0C8EBFDFC}.Release|ARM.Build.0 = Release|Any CPU
		{529834F6-45E5-4BFC-830C-19D0C8EBFDFC}.Release|x64.ActiveCfg = Release|Any CPU
		{529834F6-45E5-4BFC-830C-19D0C8EBFDFC}.Release|x64.Build.0 = Release|Any CPU
		{529834F6-45E5-4BFC-830C-19D0C8EBFDFC}.Release|x86.ActiveCfg = Release|Any CPU
		{529834F6-45E5-4BFC-830C-19D0C8EBFDFC}.Release|x86.Build.0 = Release|Any CPU
		{12BA7C30-70B5-4345-B260-5AB727BE56D4}.Debug|Any CPU.ActiveCfg = Debug|Any CPU
		{12BA7C30-70B5-4345-B260-5AB727BE56D4}.Debug|Any CPU.Build.0 = Debug|Any CPU
		{12BA7C30-70B5-4345-B260-5AB727BE56D4}.Debug|ARM.ActiveCfg = Debug|Any CPU
		{12BA7C30-70B5-4345-B260-5AB727BE56D4}.Debug|ARM.Build.0 = Debug|Any CPU
		{12BA7C30-70B5-4345-B260-5AB727BE56D4}.Debug|x64.ActiveCfg = Debug|Any CPU
		{12BA7C30-70B5-4345-B260-5AB727BE56D4}.Debug|x64.Build.0 = Debug|Any CPU
		{12BA7C30-70B5-4345-B260-5AB727BE56D4}.Debug|x86.ActiveCfg = Debug|Any CPU
		{12BA7C30-70B5-4345-B260-5AB727BE56D4}.Debug|x86.Build.0 = Debug|Any CPU
		{12BA7C30-70B5-4345-B260-5AB727BE56D4}.Release|Any CPU.ActiveCfg = Release|Any CPU
		{12BA7C30-70B5-4345-B260-5AB727BE56D4}.Release|Any CPU.Build.0 = Release|Any CPU
		{12BA7C30-70B5-4345-B260-5AB727BE56D4}.Release|ARM.ActiveCfg = Release|Any CPU
		{12BA7C30-70B5-4345-B260-5AB727BE56D4}.Release|ARM.Build.0 = Release|Any CPU
		{12BA7C30-70B5-4345-B260-5AB727BE56D4}.Release|x64.ActiveCfg = Release|Any CPU
		{12BA7C30-70B5-4345-B260-5AB727BE56D4}.Release|x64.Build.0 = Release|Any CPU
		{12BA7C30-70B5-4345-B260-5AB727BE56D4}.Release|x86.ActiveCfg = Release|Any CPU
		{12BA7C30-70B5-4345-B260-5AB727BE56D4}.Release|x86.Build.0 = Release|Any CPU
		{D260C39D-F086-4E1F-B413-FCD0B44825C4}.Debug|Any CPU.ActiveCfg = Debug|Any CPU
		{D260C39D-F086-4E1F-B413-FCD0B44825C4}.Debug|Any CPU.Build.0 = Debug|Any CPU
		{D260C39D-F086-4E1F-B413-FCD0B44825C4}.Debug|ARM.ActiveCfg = Debug|Any CPU
		{D260C39D-F086-4E1F-B413-FCD0B44825C4}.Debug|ARM.Build.0 = Debug|Any CPU
		{D260C39D-F086-4E1F-B413-FCD0B44825C4}.Debug|x64.ActiveCfg = Debug|Any CPU
		{D260C39D-F086-4E1F-B413-FCD0B44825C4}.Debug|x64.Build.0 = Debug|Any CPU
		{D260C39D-F086-4E1F-B413-FCD0B44825C4}.Debug|x86.ActiveCfg = Debug|Any CPU
		{D260C39D-F086-4E1F-B413-FCD0B44825C4}.Debug|x86.Build.0 = Debug|Any CPU
		{D260C39D-F086-4E1F-B413-FCD0B44825C4}.Release|Any CPU.ActiveCfg = Release|Any CPU
		{D260C39D-F086-4E1F-B413-FCD0B44825C4}.Release|Any CPU.Build.0 = Release|Any CPU
		{D260C39D-F086-4E1F-B413-FCD0B44825C4}.Release|ARM.ActiveCfg = Release|Any CPU
		{D260C39D-F086-4E1F-B413-FCD0B44825C4}.Release|ARM.Build.0 = Release|Any CPU
		{D260C39D-F086-4E1F-B413-FCD0B44825C4}.Release|x64.ActiveCfg = Release|Any CPU
		{D260C39D-F086-4E1F-B413-FCD0B44825C4}.Release|x64.Build.0 = Release|Any CPU
		{D260C39D-F086-4E1F-B413-FCD0B44825C4}.Release|x86.ActiveCfg = Release|Any CPU
		{D260C39D-F086-4E1F-B413-FCD0B44825C4}.Release|x86.Build.0 = Release|Any CPU
		{8189C918-91B3-45F9-A7CD-8B745391BF58}.Debug|Any CPU.ActiveCfg = Debug|Any CPU
		{8189C918-91B3-45F9-A7CD-8B745391BF58}.Debug|Any CPU.Build.0 = Debug|Any CPU
		{8189C918-91B3-45F9-A7CD-8B745391BF58}.Debug|ARM.ActiveCfg = Debug|Any CPU
		{8189C918-91B3-45F9-A7CD-8B745391BF58}.Debug|ARM.Build.0 = Debug|Any CPU
		{8189C918-91B3-45F9-A7CD-8B745391BF58}.Debug|x64.ActiveCfg = Debug|Any CPU
		{8189C918-91B3-45F9-A7CD-8B745391BF58}.Debug|x64.Build.0 = Debug|Any CPU
		{8189C918-91B3-45F9-A7CD-8B745391BF58}.Debug|x86.ActiveCfg = Debug|Any CPU
		{8189C918-91B3-45F9-A7CD-8B745391BF58}.Debug|x86.Build.0 = Debug|Any CPU
		{8189C918-91B3-45F9-A7CD-8B745391BF58}.Release|Any CPU.ActiveCfg = Release|Any CPU
		{8189C918-91B3-45F9-A7CD-8B745391BF58}.Release|Any CPU.Build.0 = Release|Any CPU
		{8189C918-91B3-45F9-A7CD-8B745391BF58}.Release|ARM.ActiveCfg = Release|Any CPU
		{8189C918-91B3-45F9-A7CD-8B745391BF58}.Release|ARM.Build.0 = Release|Any CPU
		{8189C918-91B3-45F9-A7CD-8B745391BF58}.Release|x64.ActiveCfg = Release|Any CPU
		{8189C918-91B3-45F9-A7CD-8B745391BF58}.Release|x64.Build.0 = Release|Any CPU
		{8189C918-91B3-45F9-A7CD-8B745391BF58}.Release|x86.ActiveCfg = Release|Any CPU
		{8189C918-91B3-45F9-A7CD-8B745391BF58}.Release|x86.Build.0 = Release|Any CPU
		{A5B07231-01D4-4D01-9D3A-92AE876C9EDB}.Debug|Any CPU.ActiveCfg = Debug|Any CPU
		{A5B07231-01D4-4D01-9D3A-92AE876C9EDB}.Debug|Any CPU.Build.0 = Debug|Any CPU
		{A5B07231-01D4-4D01-9D3A-92AE876C9EDB}.Debug|ARM.ActiveCfg = Debug|Any CPU
		{A5B07231-01D4-4D01-9D3A-92AE876C9EDB}.Debug|ARM.Build.0 = Debug|Any CPU
		{A5B07231-01D4-4D01-9D3A-92AE876C9EDB}.Debug|x64.ActiveCfg = Debug|Any CPU
		{A5B07231-01D4-4D01-9D3A-92AE876C9EDB}.Debug|x64.Build.0 = Debug|Any CPU
		{A5B07231-01D4-4D01-9D3A-92AE876C9EDB}.Debug|x86.ActiveCfg = Debug|Any CPU
		{A5B07231-01D4-4D01-9D3A-92AE876C9EDB}.Debug|x86.Build.0 = Debug|Any CPU
		{A5B07231-01D4-4D01-9D3A-92AE876C9EDB}.Release|Any CPU.ActiveCfg = Release|Any CPU
		{A5B07231-01D4-4D01-9D3A-92AE876C9EDB}.Release|Any CPU.Build.0 = Release|Any CPU
		{A5B07231-01D4-4D01-9D3A-92AE876C9EDB}.Release|ARM.ActiveCfg = Release|Any CPU
		{A5B07231-01D4-4D01-9D3A-92AE876C9EDB}.Release|ARM.Build.0 = Release|Any CPU
		{A5B07231-01D4-4D01-9D3A-92AE876C9EDB}.Release|x64.ActiveCfg = Release|Any CPU
		{A5B07231-01D4-4D01-9D3A-92AE876C9EDB}.Release|x64.Build.0 = Release|Any CPU
		{A5B07231-01D4-4D01-9D3A-92AE876C9EDB}.Release|x86.ActiveCfg = Release|Any CPU
		{A5B07231-01D4-4D01-9D3A-92AE876C9EDB}.Release|x86.Build.0 = Release|Any CPU
		{8F40C40D-50C5-410D-8231-11F498CD6964}.Debug|Any CPU.ActiveCfg = Debug|Any CPU
		{8F40C40D-50C5-410D-8231-11F498CD6964}.Debug|Any CPU.Build.0 = Debug|Any CPU
		{8F40C40D-50C5-410D-8231-11F498CD6964}.Debug|ARM.ActiveCfg = Debug|Any CPU
		{8F40C40D-50C5-410D-8231-11F498CD6964}.Debug|ARM.Build.0 = Debug|Any CPU
		{8F40C40D-50C5-410D-8231-11F498CD6964}.Debug|x64.ActiveCfg = Debug|Any CPU
		{8F40C40D-50C5-410D-8231-11F498CD6964}.Debug|x64.Build.0 = Debug|Any CPU
		{8F40C40D-50C5-410D-8231-11F498CD6964}.Debug|x86.ActiveCfg = Debug|Any CPU
		{8F40C40D-50C5-410D-8231-11F498CD6964}.Debug|x86.Build.0 = Debug|Any CPU
		{8F40C40D-50C5-410D-8231-11F498CD6964}.Release|Any CPU.ActiveCfg = Release|Any CPU
		{8F40C40D-50C5-410D-8231-11F498CD6964}.Release|Any CPU.Build.0 = Release|Any CPU
		{8F40C40D-50C5-410D-8231-11F498CD6964}.Release|ARM.ActiveCfg = Release|Any CPU
		{8F40C40D-50C5-410D-8231-11F498CD6964}.Release|ARM.Build.0 = Release|Any CPU
		{8F40C40D-50C5-410D-8231-11F498CD6964}.Release|x64.ActiveCfg = Release|Any CPU
		{8F40C40D-50C5-410D-8231-11F498CD6964}.Release|x64.Build.0 = Release|Any CPU
		{8F40C40D-50C5-410D-8231-11F498CD6964}.Release|x86.ActiveCfg = Release|Any CPU
		{8F40C40D-50C5-410D-8231-11F498CD6964}.Release|x86.Build.0 = Release|Any CPU
		{D6AFA579-D7C0-4C91-B882-317D82B36036}.Debug|Any CPU.ActiveCfg = Debug|Any CPU
		{D6AFA579-D7C0-4C91-B882-317D82B36036}.Debug|Any CPU.Build.0 = Debug|Any CPU
		{D6AFA579-D7C0-4C91-B882-317D82B36036}.Debug|ARM.ActiveCfg = Debug|Any CPU
		{D6AFA579-D7C0-4C91-B882-317D82B36036}.Debug|ARM.Build.0 = Debug|Any CPU
		{D6AFA579-D7C0-4C91-B882-317D82B36036}.Debug|x64.ActiveCfg = Debug|Any CPU
		{D6AFA579-D7C0-4C91-B882-317D82B36036}.Debug|x64.Build.0 = Debug|Any CPU
		{D6AFA579-D7C0-4C91-B882-317D82B36036}.Debug|x86.ActiveCfg = Debug|Any CPU
		{D6AFA579-D7C0-4C91-B882-317D82B36036}.Debug|x86.Build.0 = Debug|Any CPU
		{D6AFA579-D7C0-4C91-B882-317D82B36036}.Release|Any CPU.ActiveCfg = Release|Any CPU
		{D6AFA579-D7C0-4C91-B882-317D82B36036}.Release|Any CPU.Build.0 = Release|Any CPU
		{D6AFA579-D7C0-4C91-B882-317D82B36036}.Release|ARM.ActiveCfg = Release|Any CPU
		{D6AFA579-D7C0-4C91-B882-317D82B36036}.Release|ARM.Build.0 = Release|Any CPU
		{D6AFA579-D7C0-4C91-B882-317D82B36036}.Release|x64.ActiveCfg = Release|Any CPU
		{D6AFA579-D7C0-4C91-B882-317D82B36036}.Release|x64.Build.0 = Release|Any CPU
		{D6AFA579-D7C0-4C91-B882-317D82B36036}.Release|x86.ActiveCfg = Release|Any CPU
		{D6AFA579-D7C0-4C91-B882-317D82B36036}.Release|x86.Build.0 = Release|Any CPU
		{7D29403F-7C81-46E7-ADDD-E57C352FB1F1}.Debug|Any CPU.ActiveCfg = Debug|Any CPU
		{7D29403F-7C81-46E7-ADDD-E57C352FB1F1}.Debug|Any CPU.Build.0 = Debug|Any CPU
		{7D29403F-7C81-46E7-ADDD-E57C352FB1F1}.Debug|ARM.ActiveCfg = Debug|Any CPU
		{7D29403F-7C81-46E7-ADDD-E57C352FB1F1}.Debug|ARM.Build.0 = Debug|Any CPU
		{7D29403F-7C81-46E7-ADDD-E57C352FB1F1}.Debug|x64.ActiveCfg = Debug|Any CPU
		{7D29403F-7C81-46E7-ADDD-E57C352FB1F1}.Debug|x64.Build.0 = Debug|Any CPU
		{7D29403F-7C81-46E7-ADDD-E57C352FB1F1}.Debug|x86.ActiveCfg = Debug|Any CPU
		{7D29403F-7C81-46E7-ADDD-E57C352FB1F1}.Debug|x86.Build.0 = Debug|Any CPU
		{7D29403F-7C81-46E7-ADDD-E57C352FB1F1}.Release|Any CPU.ActiveCfg = Release|Any CPU
		{7D29403F-7C81-46E7-ADDD-E57C352FB1F1}.Release|Any CPU.Build.0 = Release|Any CPU
		{7D29403F-7C81-46E7-ADDD-E57C352FB1F1}.Release|ARM.ActiveCfg = Release|Any CPU
		{7D29403F-7C81-46E7-ADDD-E57C352FB1F1}.Release|ARM.Build.0 = Release|Any CPU
		{7D29403F-7C81-46E7-ADDD-E57C352FB1F1}.Release|x64.ActiveCfg = Release|Any CPU
		{7D29403F-7C81-46E7-ADDD-E57C352FB1F1}.Release|x64.Build.0 = Release|Any CPU
		{7D29403F-7C81-46E7-ADDD-E57C352FB1F1}.Release|x86.ActiveCfg = Release|Any CPU
		{7D29403F-7C81-46E7-ADDD-E57C352FB1F1}.Release|x86.Build.0 = Release|Any CPU
	EndGlobalSection
	GlobalSection(SolutionProperties) = preSolution
		HideSolutionNode = FALSE
	EndGlobalSection
	GlobalSection(ExtensibilityGlobals) = postSolution
		SolutionGuid = {3AB73582-AABE-4F2F-B66E-69B640B20D5E}
	EndGlobalSection
EndGlobal
