
Microsoft Visual Studio Solution File, Format Version 12.00
# Visual Studio 15
VisualStudioVersion = 15.0.26430.16
MinimumVisualStudioVersion = 10.0.40219.1
Project("{FAE04EC0-301F-11D3-BF4B-00C04F79EFBC}") = "T1", "T1\T1.csproj", "{AEA231D3-A1A7-43C9-98CD-9036C3C20B6E}"
EndProject
Project("{FAE04EC0-301F-11D3-BF4B-00C04F79EFBC}") = "T2", "T2\T2.csproj", "{90DD9501-1D2A-4820-AF50-5E7A01101DAC}"
EndProject
Project("{FAE04EC0-301F-11D3-BF4B-00C04F79EFBC}") = "T3", "T3\T3.csproj", "{F8E9F492-B0F1-4E15-B371-0884B25D45DD}"
EndProject
Global
	GlobalSection(SolutionConfigurationPlatforms) = preSolution
		Debug|Any CPU = Debug|Any CPU
		Release|Any CPU = Release|Any CPU
	EndGlobalSection
	GlobalSection(ProjectConfigurationPlatforms) = postSolution
		{AEA231D3-A1A7-43C9-98CD-9036C3C20B6E}.Debug|Any CPU.ActiveCfg = Debug|Any CPU
		{AEA231D3-A1A7-43C9-98CD-9036C3C20B6E}.Debug|Any CPU.Build.0 = Debug|Any CPU
		{AEA231D3-A1A7-43C9-98CD-9036C3C20B6E}.Release|Any CPU.ActiveCfg = Release|Any CPU
		{AEA231D3-A1A7-43C9-98CD-9036C3C20B6E}.Release|Any CPU.Build.0 = Release|Any CPU
		{90DD9501-1D2A-4820-AF50-5E7A01101DAC}.Debug|Any CPU.ActiveCfg = Debug|Any CPU
		{90DD9501-1D2A-4820-AF50-5E7A01101DAC}.Debug|Any CPU.Build.0 = Debug|Any CPU
		{90DD9501-1D2A-4820-AF50-5E7A01101DAC}.Release|Any CPU.ActiveCfg = Release|Any CPU
		{90DD9501-1D2A-4820-AF50-5E7A01101DAC}.Release|Any CPU.Build.0 = Release|Any CPU
		{F8E9F492-B0F1-4E15-B371-0884B25D45DD}.Debug|Any CPU.ActiveCfg = Debug|Any CPU
		{F8E9F492-B0F1-4E15-B371-0884B25D45DD}.Debug|Any CPU.Build.0 = Debug|Any CPU
		{F8E9F492-B0F1-4E15-B371-0884B25D45DD}.Release|Any CPU.ActiveCfg = Release|Any CPU
		{F8E9F492-B0F1-4E15-B371-0884B25D45DD}.Release|Any CPU.Build.0 = Release|Any CPU
	EndGlobalSection
	GlobalSection(SolutionProperties) = preSolution
		HideSolutionNode = FALSE
	EndGlobalSection
EndGlobal
